
Microsoft Visual Studio Solution File, Format Version 12.00
# Visual Studio 15
VisualStudioVersion = 15.0.27703.2035
MinimumVisualStudioVersion = 10.0.40219.1
Project("{2150E333-8FDC-42A3-9474-1A3956D46DE8}") = "Aeroportos", "Aeroportos", "{C810DE6D-FAB3-44C8-9AC8-C1CA7FCABEE7}"
EndProject
Project("{2150E333-8FDC-42A3-9474-1A3956D46DE8}") = "Domain", "Domain", "{F63A2405-B894-46BF-AF1D-6120DEC541D4}"
EndProject
Project("{9A19103F-16F7-4668-BE54-9A1E7A4F7556}") = "Aeroportos.Domain", "Aeroportos.Domain\Aeroportos.Domain.csproj", "{4E2DE370-273B-42DB-9EB4-7D259136358D}"
EndProject
Project("{2150E333-8FDC-42A3-9474-1A3956D46DE8}") = "Core", "Core", "{1034ECD7-595F-478E-A3D2-506D57C0D831}"
EndProject
Project("{2150E333-8FDC-42A3-9474-1A3956D46DE8}") = "Domain", "Domain", "{A0F7AF2D-662F-4308-B867-A389674449C9}"
EndProject
Project("{9A19103F-16F7-4668-BE54-9A1E7A4F7556}") = "Core.Domain", "Core.Domain\Core.Domain.csproj", "{D63FB38B-3DF9-4248-974A-FEF4B408F828}"
EndProject
Project("{2150E333-8FDC-42A3-9474-1A3956D46DE8}") = "Avioes", "Avioes", "{8AE76BE3-E862-452E-8D61-B5C0F0D20F4A}"
EndProject
Project("{2150E333-8FDC-42A3-9474-1A3956D46DE8}") = "Domain", "Domain", "{1C6F80F2-8424-40B5-BE59-83C29EBC2063}"
EndProject
Project("{9A19103F-16F7-4668-BE54-9A1E7A4F7556}") = "Avioes.Domain", "Avioes.Domain\Avioes.Domain.csproj", "{3B3D1DF5-A787-4184-8337-F0F25AED69E6}"
EndProject
Project("{2150E333-8FDC-42A3-9474-1A3956D46DE8}") = "Pilotos", "Pilotos", "{EBAAA000-98DE-4F01-BF08-32DA73150A3E}"
EndProject
Project("{9A19103F-16F7-4668-BE54-9A1E7A4F7556}") = "Pilotos.Domain", "Pilotos.Domain\Pilotos.Domain.csproj", "{F92D765E-53ED-4039-89C6-41A12145AA75}"
EndProject
Project("{2150E333-8FDC-42A3-9474-1A3956D46DE8}") = "Domain", "Domain", "{AB8F1290-F475-4D47-BD4A-C25FAFDD73D9}"
EndProject
Project("{2150E333-8FDC-42A3-9474-1A3956D46DE8}") = "Missoes", "Missoes", "{AE109ED4-0245-4B43-9CF8-F74D16818138}"
EndProject
Project("{2150E333-8FDC-42A3-9474-1A3956D46DE8}") = "Domain", "Domain", "{39ED6F6A-EAE8-46CE-9D97-59E16B779277}"
EndProject
Project("{9A19103F-16F7-4668-BE54-9A1E7A4F7556}") = "Missoes.Domain", "Missoes.Domain\Missoes.Domain.csproj", "{2A03DDED-0328-43C3-A060-6CB991D049D8}"
EndProject
Project("{2150E333-8FDC-42A3-9474-1A3956D46DE8}") = "Application", "Application", "{9995E7D5-AC03-494B-BD38-89C54865899C}"
EndProject
Project("{2150E333-8FDC-42A3-9474-1A3956D46DE8}") = "Infrastructure", "Infrastructure", "{7865E730-E63C-4960-9CA7-F2E5A308CE11}"
EndProject
Project("{2150E333-8FDC-42A3-9474-1A3956D46DE8}") = "Data", "Data", "{6AC4B225-7A9C-499C-88EC-5347A1EED9A4}"
EndProject
Project("{2150E333-8FDC-42A3-9474-1A3956D46DE8}") = "CrossCutting", "CrossCutting", "{0DC0E5EC-D890-4A31-8C4A-B714D76C6BFA}"
EndProject
Project("{2150E333-8FDC-42A3-9474-1A3956D46DE8}") = "Context", "Context", "{FD2EE50F-FE8D-4FFB-807D-6A2E0D3DAF60}"
EndProject
Project("{9A19103F-16F7-4668-BE54-9A1E7A4F7556}") = "Aeroportos.Context", "Aeroportos.Context\Aeroportos.Context.csproj", "{587A31E6-EE87-4669-900E-DC5259ECC714}"
EndProject
Project("{9A19103F-16F7-4668-BE54-9A1E7A4F7556}") = "CrossCutting.IoC", "CrossCutting.IoC\CrossCutting.IoC.csproj", "{7FB37A55-F765-45F4-B34E-AEB3EC4E97DB}"
EndProject
Project("{9A19103F-16F7-4668-BE54-9A1E7A4F7556}") = "Aeroporto.Api", "Aeroporto.Api\Aeroporto.Api.csproj", "{8607D900-7771-41F3-8D29-568882F90A37}"
EndProject
Project("{9A19103F-16F7-4668-BE54-9A1E7A4F7556}") = "Aeroportos.Repository", "Aeroporto.Repository\Aeroportos.Repository.csproj", "{E5983108-5B76-4227-ACDC-D70369331AD7}"
EndProject
Project("{FAE04EC0-301F-11D3-BF4B-00C04F79EFBC}") = "Aeroportos.Application", "Aeroporto.Application\Aeroportos.Application.csproj", "{744D643B-E6C0-4A39-8D27-427A506750F4}"
EndProject
Global
	GlobalSection(SolutionConfigurationPlatforms) = preSolution
		Debug|Any CPU = Debug|Any CPU
		Release|Any CPU = Release|Any CPU
	EndGlobalSection
	GlobalSection(ProjectConfigurationPlatforms) = postSolution
		{4E2DE370-273B-42DB-9EB4-7D259136358D}.Debug|Any CPU.ActiveCfg = Debug|Any CPU
		{4E2DE370-273B-42DB-9EB4-7D259136358D}.Debug|Any CPU.Build.0 = Debug|Any CPU
		{4E2DE370-273B-42DB-9EB4-7D259136358D}.Release|Any CPU.ActiveCfg = Release|Any CPU
		{4E2DE370-273B-42DB-9EB4-7D259136358D}.Release|Any CPU.Build.0 = Release|Any CPU
		{D63FB38B-3DF9-4248-974A-FEF4B408F828}.Debug|Any CPU.ActiveCfg = Debug|Any CPU
		{D63FB38B-3DF9-4248-974A-FEF4B408F828}.Debug|Any CPU.Build.0 = Debug|Any CPU
		{D63FB38B-3DF9-4248-974A-FEF4B408F828}.Release|Any CPU.ActiveCfg = Release|Any CPU
		{D63FB38B-3DF9-4248-974A-FEF4B408F828}.Release|Any CPU.Build.0 = Release|Any CPU
		{3B3D1DF5-A787-4184-8337-F0F25AED69E6}.Debug|Any CPU.ActiveCfg = Debug|Any CPU
		{3B3D1DF5-A787-4184-8337-F0F25AED69E6}.Debug|Any CPU.Build.0 = Debug|Any CPU
		{3B3D1DF5-A787-4184-8337-F0F25AED69E6}.Release|Any CPU.ActiveCfg = Release|Any CPU
		{3B3D1DF5-A787-4184-8337-F0F25AED69E6}.Release|Any CPU.Build.0 = Release|Any CPU
		{F92D765E-53ED-4039-89C6-41A12145AA75}.Debug|Any CPU.ActiveCfg = Debug|Any CPU
		{F92D765E-53ED-4039-89C6-41A12145AA75}.Debug|Any CPU.Build.0 = Debug|Any CPU
		{F92D765E-53ED-4039-89C6-41A12145AA75}.Release|Any CPU.ActiveCfg = Release|Any CPU
		{F92D765E-53ED-4039-89C6-41A12145AA75}.Release|Any CPU.Build.0 = Release|Any CPU
		{2A03DDED-0328-43C3-A060-6CB991D049D8}.Debug|Any CPU.ActiveCfg = Debug|Any CPU
		{2A03DDED-0328-43C3-A060-6CB991D049D8}.Debug|Any CPU.Build.0 = Debug|Any CPU
		{2A03DDED-0328-43C3-A060-6CB991D049D8}.Release|Any CPU.ActiveCfg = Release|Any CPU
		{2A03DDED-0328-43C3-A060-6CB991D049D8}.Release|Any CPU.Build.0 = Release|Any CPU
		{587A31E6-EE87-4669-900E-DC5259ECC714}.Debug|Any CPU.ActiveCfg = Debug|Any CPU
		{587A31E6-EE87-4669-900E-DC5259ECC714}.Debug|Any CPU.Build.0 = Debug|Any CPU
		{587A31E6-EE87-4669-900E-DC5259ECC714}.Release|Any CPU.ActiveCfg = Release|Any CPU
		{587A31E6-EE87-4669-900E-DC5259ECC714}.Release|Any CPU.Build.0 = Release|Any CPU
		{7FB37A55-F765-45F4-B34E-AEB3EC4E97DB}.Debug|Any CPU.ActiveCfg = Debug|Any CPU
		{7FB37A55-F765-45F4-B34E-AEB3EC4E97DB}.Debug|Any CPU.Build.0 = Debug|Any CPU
		{7FB37A55-F765-45F4-B34E-AEB3EC4E97DB}.Release|Any CPU.ActiveCfg = Release|Any CPU
		{7FB37A55-F765-45F4-B34E-AEB3EC4E97DB}.Release|Any CPU.Build.0 = Release|Any CPU
		{8607D900-7771-41F3-8D29-568882F90A37}.Debug|Any CPU.ActiveCfg = Debug|Any CPU
		{8607D900-7771-41F3-8D29-568882F90A37}.Debug|Any CPU.Build.0 = Debug|Any CPU
		{8607D900-7771-41F3-8D29-568882F90A37}.Release|Any CPU.ActiveCfg = Release|Any CPU
		{8607D900-7771-41F3-8D29-568882F90A37}.Release|Any CPU.Build.0 = Release|Any CPU
		{E5983108-5B76-4227-ACDC-D70369331AD7}.Debug|Any CPU.ActiveCfg = Debug|Any CPU
		{E5983108-5B76-4227-ACDC-D70369331AD7}.Debug|Any CPU.Build.0 = Debug|Any CPU
		{E5983108-5B76-4227-ACDC-D70369331AD7}.Release|Any CPU.ActiveCfg = Release|Any CPU
		{E5983108-5B76-4227-ACDC-D70369331AD7}.Release|Any CPU.Build.0 = Release|Any CPU
		{744D643B-E6C0-4A39-8D27-427A506750F4}.Debug|Any CPU.ActiveCfg = Debug|Any CPU
		{744D643B-E6C0-4A39-8D27-427A506750F4}.Debug|Any CPU.Build.0 = Debug|Any CPU
		{744D643B-E6C0-4A39-8D27-427A506750F4}.Release|Any CPU.ActiveCfg = Release|Any CPU
		{744D643B-E6C0-4A39-8D27-427A506750F4}.Release|Any CPU.Build.0 = Release|Any CPU
	EndGlobalSection
	GlobalSection(SolutionProperties) = preSolution
		HideSolutionNode = FALSE
	EndGlobalSection
	GlobalSection(NestedProjects) = preSolution
		{F63A2405-B894-46BF-AF1D-6120DEC541D4} = {C810DE6D-FAB3-44C8-9AC8-C1CA7FCABEE7}
		{4E2DE370-273B-42DB-9EB4-7D259136358D} = {F63A2405-B894-46BF-AF1D-6120DEC541D4}
		{A0F7AF2D-662F-4308-B867-A389674449C9} = {1034ECD7-595F-478E-A3D2-506D57C0D831}
		{D63FB38B-3DF9-4248-974A-FEF4B408F828} = {A0F7AF2D-662F-4308-B867-A389674449C9}
		{1C6F80F2-8424-40B5-BE59-83C29EBC2063} = {8AE76BE3-E862-452E-8D61-B5C0F0D20F4A}
		{3B3D1DF5-A787-4184-8337-F0F25AED69E6} = {1C6F80F2-8424-40B5-BE59-83C29EBC2063}
		{F92D765E-53ED-4039-89C6-41A12145AA75} = {AB8F1290-F475-4D47-BD4A-C25FAFDD73D9}
		{AB8F1290-F475-4D47-BD4A-C25FAFDD73D9} = {EBAAA000-98DE-4F01-BF08-32DA73150A3E}
		{39ED6F6A-EAE8-46CE-9D97-59E16B779277} = {AE109ED4-0245-4B43-9CF8-F74D16818138}
		{2A03DDED-0328-43C3-A060-6CB991D049D8} = {39ED6F6A-EAE8-46CE-9D97-59E16B779277}
		{9995E7D5-AC03-494B-BD38-89C54865899C} = {C810DE6D-FAB3-44C8-9AC8-C1CA7FCABEE7}
		{7865E730-E63C-4960-9CA7-F2E5A308CE11} = {C810DE6D-FAB3-44C8-9AC8-C1CA7FCABEE7}
		{6AC4B225-7A9C-499C-88EC-5347A1EED9A4} = {7865E730-E63C-4960-9CA7-F2E5A308CE11}
		{0DC0E5EC-D890-4A31-8C4A-B714D76C6BFA} = {7865E730-E63C-4960-9CA7-F2E5A308CE11}
		{FD2EE50F-FE8D-4FFB-807D-6A2E0D3DAF60} = {C810DE6D-FAB3-44C8-9AC8-C1CA7FCABEE7}
		{587A31E6-EE87-4669-900E-DC5259ECC714} = {FD2EE50F-FE8D-4FFB-807D-6A2E0D3DAF60}
		{7FB37A55-F765-45F4-B34E-AEB3EC4E97DB} = {0DC0E5EC-D890-4A31-8C4A-B714D76C6BFA}
		{8607D900-7771-41F3-8D29-568882F90A37} = {9995E7D5-AC03-494B-BD38-89C54865899C}
		{E5983108-5B76-4227-ACDC-D70369331AD7} = {6AC4B225-7A9C-499C-88EC-5347A1EED9A4}
		{744D643B-E6C0-4A39-8D27-427A506750F4} = {9995E7D5-AC03-494B-BD38-89C54865899C}
	EndGlobalSection
	GlobalSection(ExtensibilityGlobals) = postSolution
		SolutionGuid = {5BC3E88B-2CC5-4EB1-A29B-DC0CECEF3011}
	EndGlobalSection
EndGlobal
